
Microsoft Visual Studio Solution File, Format Version 12.00
# Visual Studio Version 18
VisualStudioVersion = 18.6.11822.322
MinimumVisualStudioVersion = 10.0.40219.1
Project("{FAE04EC0-301F-11D3-BF4B-00C04F79EFBC}") = "TaskProgresser.WinForms", "TaskProgresser.WinForms\TaskProgresser.WinForms.csproj", "{33945848-4662-46B6-A187-A09373BBF7BB}"
	ProjectSection(ProjectDependencies) = postProject
		{523EE359-45A1-44D2-A023-95132F5C5B5E} = {523EE359-45A1-44D2-A023-95132F5C5B5E}
	EndProjectSection
EndProject
Project("{FAE04EC0-301F-11D3-BF4B-00C04F79EFBC}") = "TaskProgresser.Core", "TaskProgresser.Core\TaskProgresser.Core.csproj", "{523EE359-45A1-44D2-A023-95132F5C5B5E}"
EndProject
Project("{FAE04EC0-301F-11D3-BF4B-00C04F79EFBC}") = "TaskProgresser.Api", "TaskProgresser.Api\TaskProgresser.Api.csproj", "{C34D4943-EC0A-4D5A-A58B-C93B88FB0E34}"
	ProjectSection(ProjectDependencies) = postProject
		{523EE359-45A1-44D2-A023-95132F5C5B5E} = {523EE359-45A1-44D2-A023-95132F5C5B5E}
	EndProjectSection
EndProject
Project("{2150E333-8FDC-42A3-9474-1A3956D46DE8}") = "Элементы решения", "Элементы решения", "{31A8B10B-E202-4332-9977-CD879C2537DE}"
	ProjectSection(SolutionItems) = preProject
		Dockerfile = Dockerfile
		WorkWithMigration.txt = WorkWithMigration.txt
		_TODO.md = _TODO.md
		Добавление регистрации.txt = Добавление регистрации.txt
		Сортировка.txt = Сортировка.txt
	EndProjectSection
EndProject
Global
	GlobalSection(SolutionConfigurationPlatforms) = preSolution
		Debug|Any CPU = Debug|Any CPU
		Release|Any CPU = Release|Any CPU
	EndGlobalSection
	GlobalSection(ProjectConfigurationPlatforms) = postSolution
		{33945848-4662-46B6-A187-A09373BBF7BB}.Debug|Any CPU.ActiveCfg = Debug|Any CPU
		{33945848-4662-46B6-A187-A09373BBF7BB}.Debug|Any CPU.Build.0 = Debug|Any CPU
		{33945848-4662-46B6-A187-A09373BBF7BB}.Release|Any CPU.ActiveCfg = Release|Any CPU
		{33945848-4662-46B6-A187-A09373BBF7BB}.Release|Any CPU.Build.0 = Release|Any CPU
		{523EE359-45A1-44D2-A023-95132F5C5B5E}.Debug|Any CPU.ActiveCfg = Debug|Any CPU
		{523EE359-45A1-44D2-A023-95132F5C5B5E}.Debug|Any CPU.Build.0 = Debug|Any CPU
		{523EE359-45A1-44D2-A023-95132F5C5B5E}.Release|Any CPU.ActiveCfg = Release|Any CPU
		{523EE359-45A1-44D2-A023-95132F5C5B5E}.Release|Any CPU.Build.0 = Release|Any CPU
		{C34D4943-EC0A-4D5A-A58B-C93B88FB0E34}.Debug|Any CPU.ActiveCfg = Debug|Any CPU
		{C34D4943-EC0A-4D5A-A58B-C93B88FB0E34}.Debug|Any CPU.Build.0 = Debug|Any CPU
		{C34D4943-EC0A-4D5A-A58B-C93B88FB0E34}.Release|Any CPU.ActiveCfg = Release|Any CPU
		{C34D4943-EC0A-4D5A-A58B-C93B88FB0E34}.Release|Any CPU.Build.0 = Release|Any CPU
	EndGlobalSection
	GlobalSection(SolutionProperties) = preSolution
		HideSolutionNode = FALSE
	EndGlobalSection
	GlobalSection(ExtensibilityGlobals) = postSolution
		SolutionGuid = {F9666932-9B3D-4545-AA42-804373208EEF}
	EndGlobalSection
EndGlobal
