
Microsoft Visual Studio Solution File, Format Version 12.00
# Visual Studio Version 17
VisualStudioVersion = 17.12.35707.178
MinimumVisualStudioVersion = 10.0.40219.1
Project("{FAE04EC0-301F-11D3-BF4B-00C04F79EFBC}") = "TaskProgresser.WinForms", "TaskProgresser.WinForms\TaskProgresser.WinForms.csproj", "{33945848-4662-46B6-A187-A09373BBF7BB}"
EndProject
Project("{FAE04EC0-301F-11D3-BF4B-00C04F79EFBC}") = "TaskProgresser.Core", "TaskProgresser.Core\TaskProgresser.Core.csproj", "{523EE359-45A1-44D2-A023-95132F5C5B5E}"
EndProject
Project("{FAE04EC0-301F-11D3-BF4B-00C04F79EFBC}") = "TaskProgresser.Api", "TaskProgresser.Api\TaskProgresser.Api.csproj", "{C34D4943-EC0A-4D5A-A58B-C93B88FB0E34}"
EndProject
Global
	GlobalSection(SolutionConfigurationPlatforms) = preSolution
		Debug|Any CPU = Debug|Any CPU
		Release|Any CPU = Release|Any CPU
	EndGlobalSection
	GlobalSection(ProjectConfigurationPlatforms) = postSolution
		{33945848-4662-46B6-A187-A09373BBF7BB}.Debug|Any CPU.ActiveCfg = Debug|Any CPU
		{33945848-4662-46B6-A187-A09373BBF7BB}.Debug|Any CPU.Build.0 = Debug|Any CPU
		{33945848-4662-46B6-A187-A09373BBF7BB}.Release|Any CPU.ActiveCfg = Release|Any CPU
		{33945848-4662-46B6-A187-A09373BBF7BB}.Release|Any CPU.Build.0 = Release|Any CPU
		{523EE359-45A1-44D2-A023-95132F5C5B5E}.Debug|Any CPU.ActiveCfg = Debug|Any CPU
		{523EE359-45A1-44D2-A023-95132F5C5B5E}.Debug|Any CPU.Build.0 = Debug|Any CPU
		{523EE359-45A1-44D2-A023-95132F5C5B5E}.Release|Any CPU.ActiveCfg = Release|Any CPU
		{523EE359-45A1-44D2-A023-95132F5C5B5E}.Release|Any CPU.Build.0 = Release|Any CPU
		{C34D4943-EC0A-4D5A-A58B-C93B88FB0E34}.Debug|Any CPU.ActiveCfg = Debug|Any CPU
		{C34D4943-EC0A-4D5A-A58B-C93B88FB0E34}.Debug|Any CPU.Build.0 = Debug|Any CPU
		{C34D4943-EC0A-4D5A-A58B-C93B88FB0E34}.Release|Any CPU.ActiveCfg = Release|Any CPU
		{C34D4943-EC0A-4D5A-A58B-C93B88FB0E34}.Release|Any CPU.Build.0 = Release|Any CPU
	EndGlobalSection
	GlobalSection(SolutionProperties) = preSolution
		HideSolutionNode = FALSE
	EndGlobalSection
	GlobalSection(ExtensibilityGlobals) = postSolution
		SolutionGuid = {F9666932-9B3D-4545-AA42-804373208EEF}
	EndGlobalSection
EndGlobal
